
Microsoft Visual Studio Solution File, Format Version 12.00
# Visual Studio Version 17
VisualStudioVersion = 17.6.33723.286
MinimumVisualStudioVersion = 10.0.40219.1
Project("{8BC9CEB8-8B4A-11D0-8D11-00A0C91BC942}") = "DX_FirstStep", "DX_FirstStep\DX_FirstStep.vcxproj", "{A49AAD52-F9D5-4D79-9189-3897C3405C5C}"
EndProject
Project("{8BC9CEB8-8B4A-11D0-8D11-00A0C91BC942}") = "DX_Framework", "DX_Framework\DX_Framework.vcxproj", "{F1B00B9E-E750-4782-B110-5A521C827478}"
EndProject
Project("{8BC9CEB8-8B4A-11D0-8D11-00A0C91BC942}") = "DX_2D", "DX_2D\DX_2D.vcxproj", "{D586700B-6EE6-4FE9-98EF-E1D5ED19E1CB}"
EndProject
Global
	GlobalSection(SolutionConfigurationPlatforms) = preSolution
		Debug|x64 = Debug|x64
		Debug|x86 = Debug|x86
		Release|x64 = Release|x64
		Release|x86 = Release|x86
	EndGlobalSection
	GlobalSection(ProjectConfigurationPlatforms) = postSolution
		{A49AAD52-F9D5-4D79-9189-3897C3405C5C}.Debug|x64.ActiveCfg = Debug|x64
		{A49AAD52-F9D5-4D79-9189-3897C3405C5C}.Debug|x64.Build.0 = Debug|x64
		{A49AAD52-F9D5-4D79-9189-3897C3405C5C}.Debug|x86.ActiveCfg = Debug|Win32
		{A49AAD52-F9D5-4D79-9189-3897C3405C5C}.Debug|x86.Build.0 = Debug|Win32
		{A49AAD52-F9D5-4D79-9189-3897C3405C5C}.Release|x64.ActiveCfg = Release|x64
		{A49AAD52-F9D5-4D79-9189-3897C3405C5C}.Release|x64.Build.0 = Release|x64
		{A49AAD52-F9D5-4D79-9189-3897C3405C5C}.Release|x86.ActiveCfg = Release|Win32
		{A49AAD52-F9D5-4D79-9189-3897C3405C5C}.Release|x86.Build.0 = Release|Win32
		{F1B00B9E-E750-4782-B110-5A521C827478}.Debug|x64.ActiveCfg = Debug|x64
		{F1B00B9E-E750-4782-B110-5A521C827478}.Debug|x64.Build.0 = Debug|x64
		{F1B00B9E-E750-4782-B110-5A521C827478}.Debug|x86.ActiveCfg = Debug|Win32
		{F1B00B9E-E750-4782-B110-5A521C827478}.Debug|x86.Build.0 = Debug|Win32
		{F1B00B9E-E750-4782-B110-5A521C827478}.Release|x64.ActiveCfg = Release|x64
		{F1B00B9E-E750-4782-B110-5A521C827478}.Release|x64.Build.0 = Release|x64
		{F1B00B9E-E750-4782-B110-5A521C827478}.Release|x86.ActiveCfg = Release|Win32
		{F1B00B9E-E750-4782-B110-5A521C827478}.Release|x86.Build.0 = Release|Win32
		{D586700B-6EE6-4FE9-98EF-E1D5ED19E1CB}.Debug|x64.ActiveCfg = Debug|x64
		{D586700B-6EE6-4FE9-98EF-E1D5ED19E1CB}.Debug|x64.Build.0 = Debug|x64
		{D586700B-6EE6-4FE9-98EF-E1D5ED19E1CB}.Debug|x86.ActiveCfg = Debug|Win32
		{D586700B-6EE6-4FE9-98EF-E1D5ED19E1CB}.Debug|x86.Build.0 = Debug|Win32
		{D586700B-6EE6-4FE9-98EF-E1D5ED19E1CB}.Release|x64.ActiveCfg = Release|x64
		{D586700B-6EE6-4FE9-98EF-E1D5ED19E1CB}.Release|x64.Build.0 = Release|x64
		{D586700B-6EE6-4FE9-98EF-E1D5ED19E1CB}.Release|x86.ActiveCfg = Release|Win32
		{D586700B-6EE6-4FE9-98EF-E1D5ED19E1CB}.Release|x86.Build.0 = Release|Win32
	EndGlobalSection
	GlobalSection(SolutionProperties) = preSolution
		HideSolutionNode = FALSE
	EndGlobalSection
	GlobalSection(ExtensibilityGlobals) = postSolution
		SolutionGuid = {5C94165E-D01C-43AC-9A43-31DFFEE9819C}
	EndGlobalSection
EndGlobal
