<?xml version="1.0" encoding="utf-8"?>
<Project ToolsVersion="4.0" xmlns="http://schemas.microsoft.com/developer/msbuild/2003">
  <ItemGroup>
    <ClInclude Include="stdafx.h" />
    <ClInclude Include="Algorithm\00_Algorithm.h" />
    <ClInclude Include="Algorithm\01_Big_O_Notation.h" />
    <ClInclude Include="Stack\00_Stack.h" />
    <ClInclude Include="Stack\_STL_Stack.h" />
    <ClInclude Include="Stack\01_Array_Stack.h" />
    <ClInclude Include="Stack\02_Stack_Calculator.h" />
    <ClInclude Include="LinkedList\_STL_Linked_List.h" />
    <ClInclude Include="LinkedList\00_Linked_List.h" />
    <ClInclude Include="LinkedList\01_Double_Linked_List.h" />
    <ClInclude Include="LinkedList\02_Ranking_List.h" />
    <ClInclude Include="Queue\_STL_Queue.h" />
    <ClInclude Include="Queue\00_Queue.h" />
    <ClInclude Include="Queue\01_Linear_Queue.h" />
    <ClInclude Include="Student.h" />
    <ClInclude Include="Queue\02_Circular_Queue.h" />
    <ClInclude Include="Test\요세푸스.h" />
    <ClInclude Include="Tree\00_Tree.h" />
    <ClInclude Include="Tree\01_LCRS_Tree.h" />
    <ClInclude Include="Tree\02_Binary_Tree.h" />
    <ClInclude Include="Tree\03_Binary_Serach_Tree.h" />
    <ClInclude Include="Tree\04_Heap_Tree.h" />
    <ClInclude Include="Tree\05_AVL_Tree.h" />
    <ClInclude Include="Graph\00_Graph.h" />
    <ClInclude Include="Graph\01_BFS_Graph.h" />
    <ClInclude Include="Graph\02_DFS_Graph.h" />
    <ClInclude Include="Test\단지번호붙이기.h" />
    <ClInclude Include="Test\유기농배추.h" />
    <ClInclude Include="Test\단어뒤집기.h" />
    <ClInclude Include="Test\트럭.h" />
    <ClInclude Include="Algorithm\Disjoint_Set.h" />
    <ClInclude Include="Algorithm\Kruskal.h" />
    <ClInclude Include="Algorithm\Prim.h" />
    <ClInclude Include="Test\전력난.h" />
    <ClInclude Include="Algorithm\dynamic_programming.h" />
    <ClInclude Include="Test\정수삼각형%28프로그래머스%29.h" />
    <ClInclude Include="Algorithm\Device_Conquer.h" />
    <ClInclude Include="Test\종이의_개수.h" />
    <ClInclude Include="Test\도시분할계획.h" />
    <ClInclude Include="Test\트리의지름.h" />
    <ClInclude Include="Tree\06_RB_Tree.h" />
    <ClInclude Include="Algorithm\Hashing.h" />
  </ItemGroup>
  <ItemGroup>
    <ClCompile Include="stdafx.cpp" />
    <ClCompile Include="Main.cpp" />
  </ItemGroup>
</Project>